
Microsoft Visual Studio Solution File, Format Version 12.00
# Visual Studio Version 17
VisualStudioVersion = 17.14.36221.1 d17.14
MinimumVisualStudioVersion = 10.0.40219.1
Project("{FAE04EC0-301F-11D3-BF4B-00C04F79EFBC}") = "Loon_EncapUserInput", "Loon_EncapUserInput\Loon_EncapUserInput.csproj", "{AC5C19E0-4A3E-40B0-9B6E-4143AEBC5BC3}"
EndProject
Global
	GlobalSection(SolutionConfigurationPlatforms) = preSolution
		Debug|Any CPU = Debug|Any CPU
		Release|Any CPU = Release|Any CPU
	EndGlobalSection
	GlobalSection(ProjectConfigurationPlatforms) = postSolution
		{AC5C19E0-4A3E-40B0-9B6E-4143AEBC5BC3}.Debug|Any CPU.ActiveCfg = Debug|Any CPU
		{AC5C19E0-4A3E-40B0-9B6E-4143AEBC5BC3}.Debug|Any CPU.Build.0 = Debug|Any CPU
		{AC5C19E0-4A3E-40B0-9B6E-4143AEBC5BC3}.Release|Any CPU.ActiveCfg = Release|Any CPU
		{AC5C19E0-4A3E-40B0-9B6E-4143AEBC5BC3}.Release|Any CPU.Build.0 = Release|Any CPU
	EndGlobalSection
	GlobalSection(SolutionProperties) = preSolution
		HideSolutionNode = FALSE
	EndGlobalSection
	GlobalSection(ExtensibilityGlobals) = postSolution
		SolutionGuid = {3D904BA8-A3EF-46E2-8E35-D67520490D44}
	EndGlobalSection
EndGlobal
